<?xml version="1.0" encoding="utf-8"?>
<Project ToolsVersion="4.0" xmlns="http://schemas.microsoft.com/developer/msbuild/2003">
  <ItemGroup>
    <Filter Include="Source Files">
      <UniqueIdentifier>{4FC737F1-C7A5-4376-A066-2A32D752A2FF}</UniqueIdentifier>
      <Extensions>cpp;c;cc;cxx;def;odl;idl;hpj;bat;asm;asmx</Extensions>
    </Filter>
    <Filter Include="Header Files">
      <UniqueIdentifier>{93995380-89BD-4b04-88EB-625FBE52EBFB}</UniqueIdentifier>
      <Extensions>h;hh;hpp;hxx;hm;inl;inc;ipp;xsd</Extensions>
    </Filter>
    <Filter Include="Resource Files">
      <UniqueIdentifier>{67DA6AB6-F800-4c08-8B7A-83BB121AAD01}</UniqueIdentifier>
      <Extensions>rc;ico;cur;bmp;dlg;rc2;rct;bin;rgs;gif;jpg;jpeg;jpe;resx;tiff;tif;png;wav;mfcribbon-ms</Extensions>
    </Filter>
    <Filter Include="Header Files\segments">
      <UniqueIdentifier>{07524d8e-479c-4f7a-9235-5036992a6250}</UniqueIdentifier>
    </Filter>
    <Filter Include="Resource Files\segments">
      <UniqueIdentifier>{fcb51c48-ac46-4646-b852-bc031b5004fd}</UniqueIdentifier>
    </Filter>
    <Filter Include="Header Files\dynamic">
      <UniqueIdentifier>{44d4c4cf-9a3b-407a-91b2-e5956d823fba}</UniqueIdentifier>
    </Filter>
    <Filter Include="Resource Files\dynamic">
      <UniqueIdentifier>{3f09cca1-1597-4093-8b4a-e33df976dbfa}</UniqueIdentifier>
    </Filter>
    <Filter Include="Header Files\graph">
      <UniqueIdentifier>{aa410261-9abe-4ac2-888b-7c1d9d3ead05}</UniqueIdentifier>
    </Filter>
    <Filter Include="Resource Files\graph">
      <UniqueIdentifier>{b1838014-f323-4aee-bc07-c9a55eae2bcf}</UniqueIdentifier>
    </Filter>
    <Filter Include="Header Files\search">
      <UniqueIdentifier>{57d6b776-9839-4bd2-a98a-ea2d50c5cf9f}</UniqueIdentifier>
    </Filter>
  </ItemGroup>
  <ItemGroup>
    <ClCompile Include="main.cpp">
      <Filter>Source Files</Filter>
    </ClCompile>
    <ClCompile Include="segment_tree_testing.cpp">
      <Filter>Source Files</Filter>
    </ClCompile>
    <ClCompile Include="point_in_segments_count.h">
      <Filter>Header Files\segments</Filter>
    </ClCompile>
  </ItemGroup>
  <ItemGroup>
    <ClInclude Include="tests.h">
      <Filter>Header Files</Filter>
    </ClInclude>
    <ClInclude Include="segment_tree.h">
      <Filter>Header Files</Filter>
    </ClInclude>
    <ClInclude Include="min_points_cover_for_segments.h">
      <Filter>Header Files\segments</Filter>
    </ClInclude>
    <ClInclude Include="knapsack_get_max_value.h">
      <Filter>Header Files\dynamic</Filter>
    </ClInclude>
    <ClInclude Include="dynamic_operations_counter.h">
      <Filter>Header Files\dynamic</Filter>
    </ClInclude>
    <ClInclude Include="longest_nonincreasing_subsequence.h">
      <Filter>Header Files\dynamic</Filter>
    </ClInclude>
    <ClInclude Include="longest_nonincreasing_subsequence_log.h">
      <Filter>Header Files\dynamic</Filter>
    </ClInclude>
    <ClInclude Include="complete_graph.h">
      <Filter>Header Files\graph</Filter>
    </ClInclude>
    <ClInclude Include="count_same_elements.h">
      <Filter>Header Files\search</Filter>
    </ClInclude>
  </ItemGroup>
  <ItemGroup>
    <Text Include="segment_tree_testing.txt">
      <Filter>Resource Files</Filter>
    </Text>
    <Text Include="min_points_cover_for_segments_test.txt">
      <Filter>Resource Files\segments</Filter>
    </Text>
    <Text Include="point_in_segments_count_test.txt">
      <Filter>Resource Files\segments</Filter>
    </Text>
    <Text Include="knapsack_get_max_value_test.txt">
      <Filter>Resource Files\dynamic</Filter>
    </Text>
    <Text Include="dynamic_operations_counter_test.txt">
      <Filter>Resource Files\dynamic</Filter>
    </Text>
    <Text Include="longest_nonincreasing_subsequence_test.txt">
      <Filter>Resource Files\dynamic</Filter>
    </Text>
    <Text Include="complete_graph_test.txt">
      <Filter>Resource Files\graph</Filter>
    </Text>
  </ItemGroup>
</Project>